
Microsoft Visual Studio Solution File, Format Version 12.00
# Visual Studio Version 17
VisualStudioVersion = 17.3.32825.248
MinimumVisualStudioVersion = 10.0.40219.1
Project("{9A19103F-16F7-4668-BE54-9A1E7A4F7556}") = "BehaviorTree", "BehaviorTree\BehaviorTree.csproj", "{673DFA68-476D-485B-84D6-512193CFCE25}"
EndProject
Project("{9A19103F-16F7-4668-BE54-9A1E7A4F7556}") = "BehaviorTree.Tests", "BehaviorTree.Tests\BehaviorTree.Tests.csproj", "{BFACA603-B2EF-4664-8D30-8A12D52A6F36}"
EndProject
Global
	GlobalSection(SolutionConfigurationPlatforms) = preSolution
		Debug|Any CPU = Debug|Any CPU
		Release|Any CPU = Release|Any CPU
	EndGlobalSection
	GlobalSection(ProjectConfigurationPlatforms) = postSolution
		{673DFA68-476D-485B-84D6-512193CFCE25}.Debug|Any CPU.ActiveCfg = Debug|Any CPU
		{673DFA68-476D-485B-84D6-512193CFCE25}.Debug|Any CPU.Build.0 = Debug|Any CPU
		{673DFA68-476D-485B-84D6-512193CFCE25}.Release|Any CPU.ActiveCfg = Release|Any CPU
		{673DFA68-476D-485B-84D6-512193CFCE25}.Release|Any CPU.Build.0 = Release|Any CPU
		{BFACA603-B2EF-4664-8D30-8A12D52A6F36}.Debug|Any CPU.ActiveCfg = Debug|Any CPU
		{BFACA603-B2EF-4664-8D30-8A12D52A6F36}.Debug|Any CPU.Build.0 = Debug|Any CPU
		{BFACA603-B2EF-4664-8D30-8A12D52A6F36}.Release|Any CPU.ActiveCfg = Release|Any CPU
		{BFACA603-B2EF-4664-8D30-8A12D52A6F36}.Release|Any CPU.Build.0 = Release|Any CPU
	EndGlobalSection
	GlobalSection(SolutionProperties) = preSolution
		HideSolutionNode = FALSE
	EndGlobalSection
	GlobalSection(ExtensibilityGlobals) = postSolution
		SolutionGuid = {1AE13E33-2057-4CC0-BD41-BD90B39CD819}
	EndGlobalSection
EndGlobal
